
Microsoft Visual Studio Solution File, Format Version 12.00
# Visual Studio Version 17
VisualStudioVersion = 17.13.35818.85 d17.13
MinimumVisualStudioVersion = 10.0.40219.1
Project("{8BC9CEB8-8B4A-11D0-8D11-00A0C91BC942}") = "C. Alphabetic Removals", "C. Alphabetic Removals\C. Alphabetic Removals.vcxproj", "{FD813BC5-7563-43E5-86CE-3FD128B137EB}"
EndProject
Global
	GlobalSection(SolutionConfigurationPlatforms) = preSolution
		Debug|x64 = Debug|x64
		Debug|x86 = Debug|x86
		Release|x64 = Release|x64
		Release|x86 = Release|x86
	EndGlobalSection
	GlobalSection(ProjectConfigurationPlatforms) = postSolution
		{FD813BC5-7563-43E5-86CE-3FD128B137EB}.Debug|x64.ActiveCfg = Debug|x64
		{FD813BC5-7563-43E5-86CE-3FD128B137EB}.Debug|x64.Build.0 = Debug|x64
		{FD813BC5-7563-43E5-86CE-3FD128B137EB}.Debug|x86.ActiveCfg = Debug|Win32
		{FD813BC5-7563-43E5-86CE-3FD128B137EB}.Debug|x86.Build.0 = Debug|Win32
		{FD813BC5-7563-43E5-86CE-3FD128B137EB}.Release|x64.ActiveCfg = Release|x64
		{FD813BC5-7563-43E5-86CE-3FD128B137EB}.Release|x64.Build.0 = Release|x64
		{FD813BC5-7563-43E5-86CE-3FD128B137EB}.Release|x86.ActiveCfg = Release|Win32
		{FD813BC5-7563-43E5-86CE-3FD128B137EB}.Release|x86.Build.0 = Release|Win32
	EndGlobalSection
	GlobalSection(SolutionProperties) = preSolution
		HideSolutionNode = FALSE
	EndGlobalSection
	GlobalSection(ExtensibilityGlobals) = postSolution
		SolutionGuid = {1B61A843-A6A5-4612-9BE4-ABFE7010BF92}
	EndGlobalSection
EndGlobal
